{
  "name": "manle",
  "version": "0.0.0",
  "lockfileVersion": 1,
  "requires": true,
  "dependencies": {
    "ng2-file-upload": {
      "version": "1.3.0",
      "resolved": "http://registry.npm.taobao.org/ng2-file-upload/download/ng2-file-upload-1.3.0.tgz",
      "integrity": "sha1-2Q+PVo9iODRiF1+L36AJaxMfJ3o="
    }
  }
}
